# This file is autogenerated, do not edit; changes may be undone by the next 'dep ensure'.


[[projects]]
  name = "github.com/eclipse/paho.mqtt.golang"
  packages = [
    ".",
    "packets"
  ]
  revision = "aff15770515e3c57fc6109da73d42b0d46f7f483"
  version = "v1.1.0"

[[projects]]
  name = "github.com/influxdata/influxdb"
  packages = [
    "client/v2",
    "models",
    "pkg/escape"
  ]
  revision = "60d27e6995558f38a39e90b35a92cbac080310a3"
  version = "v1.4.3"

[[projects]]
  branch = "master"
  name = "golang.org/x/net"
  packages = [
    "proxy",
    "websocket"
  ]
  revision = "cbe0f9307d0156177f9dd5dc85da1a31abc5f2fb"

[solve-meta]
  analyzer-name = "dep"
  analyzer-version = 1
  inputs-digest = "f3890bd48b5b3b37719c2cc062437f5e332d50dc35f1729d710152acfaac18d3"
  solver-name = "gps-cdcl"
  solver-version = 1
